// !$*UTF8*$!
{
	archiveVersion = 1;
	classes = {
	};
	objectVersion = 48;
	objects = {

/* Begin PBXBuildFile section */
		705355C12080A71C00D9F4F7 /* zqMd5.m in Sources */ = {isa = PBXBuildFile; fileRef = 705355B82080A71C00D9F4F7 /* zqMd5.m */; };
		705355C22080A71C00D9F4F7 /* libWeChatSDK.a in Frameworks */ = {isa = PBXBuildFile; fileRef = 705355BF2080A71C00D9F4F7 /* libWeChatSDK.a */; };
		705355C32080A71C00D9F4F7 /* SFWxpay.m in Sources */ = {isa = PBXBuildFile; fileRef = 705355C02080A71C00D9F4F7 /* SFWxpay.m */; };
		705355D22080AA5A00D9F4F7 /* Foundation.framework in Frameworks */ = {isa = PBXBuildFile; fileRef = 705355D12080AA5900D9F4F7 /* Foundation.framework */; };
		705355D42080AA6000D9F4F7 /* UIKit.framework in Frameworks */ = {isa = PBXBuildFile; fileRef = 705355D32080AA6000D9F4F7 /* UIKit.framework */; };
		705355DA2080AA7A00D9F4F7 /* SystemConfiguration.framework in Frameworks */ = {isa = PBXBuildFile; fileRef = 705355D92080AA7A00D9F4F7 /* SystemConfiguration.framework */; };
		705355DC2080AA8300D9F4F7 /* CoreTelephony.framework in Frameworks */ = {isa = PBXBuildFile; fileRef = 705355DB2080AA8300D9F4F7 /* CoreTelephony.framework */; };
		705355DE2080AA8D00D9F4F7 /* Security.framework in Frameworks */ = {isa = PBXBuildFile; fileRef = 705355DD2080AA8D00D9F4F7 /* Security.framework */; };
		705355E02080AA9400D9F4F7 /* CFNetwork.framework in Frameworks */ = {isa = PBXBuildFile; fileRef = 705355DF2080AA9400D9F4F7 /* CFNetwork.framework */; };
/* End PBXBuildFile section */

/* Begin PBXCopyFilesBuildPhase section */
		705355AA20808FDB00D9F4F7 /* CopyFiles */ = {
			isa = PBXCopyFilesBuildPhase;
			buildActionMask = 2147483647;
			dstPath = "include/$(PRODUCT_NAME)";
			dstSubfolderSpec = 16;
			files = (
			);
			runOnlyForDeploymentPostprocessing = 0;
		};
/* End PBXCopyFilesBuildPhase section */

/* Begin PBXFileReference section */
		705355AC20808FDB00D9F4F7 /* libSFWXPA.a */ = {isa = PBXFileReference; explicitFileType = archive.ar; includeInIndex = 0; path = libSFWXPA.a; sourceTree = BUILT_PRODUCTS_DIR; };
		705355B82080A71C00D9F4F7 /* zqMd5.m */ = {isa = PBXFileReference; fileEncoding = 4; lastKnownFileType = sourcecode.c.objc; path = zqMd5.m; sourceTree = "<group>"; };
		705355B92080A71C00D9F4F7 /* SFWxpay.h */ = {isa = PBXFileReference; fileEncoding = 4; lastKnownFileType = sourcecode.c.h; path = SFWxpay.h; sourceTree = "<group>"; };
		705355BA2080A71C00D9F4F7 /* zqMd5.h */ = {isa = PBXFileReference; fileEncoding = 4; lastKnownFileType = sourcecode.c.h; path = zqMd5.h; sourceTree = "<group>"; };
		705355BC2080A71C00D9F4F7 /* WXApi.h */ = {isa = PBXFileReference; fileEncoding = 4; lastKnownFileType = sourcecode.c.h; path = WXApi.h; sourceTree = "<group>"; };
		705355BD2080A71C00D9F4F7 /* WXApiObject.h */ = {isa = PBXFileReference; fileEncoding = 4; lastKnownFileType = sourcecode.c.h; path = WXApiObject.h; sourceTree = "<group>"; };
		705355BE2080A71C00D9F4F7 /* WechatAuthSDK.h */ = {isa = PBXFileReference; fileEncoding = 4; lastKnownFileType = sourcecode.c.h; path = WechatAuthSDK.h; sourceTree = "<group>"; };
		705355BF2080A71C00D9F4F7 /* libWeChatSDK.a */ = {isa = PBXFileReference; lastKnownFileType = archive.ar; path = libWeChatSDK.a; sourceTree = "<group>"; };
		705355C02080A71C00D9F4F7 /* SFWxpay.m */ = {isa = PBXFileReference; fileEncoding = 4; lastKnownFileType = sourcecode.c.objc; path = SFWxpay.m; sourceTree = "<group>"; };
		705355D12080AA5900D9F4F7 /* Foundation.framework */ = {isa = PBXFileReference; lastKnownFileType = wrapper.framework; name = Foundation.framework; path = System/Library/Frameworks/Foundation.framework; sourceTree = SDKROOT; };
		705355D32080AA6000D9F4F7 /* UIKit.framework */ = {isa = PBXFileReference; lastKnownFileType = wrapper.framework; name = UIKit.framework; path = System/Library/Frameworks/UIKit.framework; sourceTree = SDKROOT; };
		705355D52080AA6B00D9F4F7 /* libsqlite3.0.tbd */ = {isa = PBXFileReference; lastKnownFileType = "sourcecode.text-based-dylib-definition"; name = libsqlite3.0.tbd; path = usr/lib/libsqlite3.0.tbd; sourceTree = SDKROOT; };
		705355D72080AA7200D9F4F7 /* libz.tbd */ = {isa = PBXFileReference; lastKnownFileType = "sourcecode.text-based-dylib-definition"; name = libz.tbd; path = usr/lib/libz.tbd; sourceTree = SDKROOT; };
		705355D92080AA7A00D9F4F7 /* SystemConfiguration.framework */ = {isa = PBXFileReference; lastKnownFileType = wrapper.framework; name = SystemConfiguration.framework; path = System/Library/Frameworks/SystemConfiguration.framework; sourceTree = SDKROOT; };
		705355DB2080AA8300D9F4F7 /* CoreTelephony.framework */ = {isa = PBXFileReference; lastKnownFileType = wrapper.framework; name = CoreTelephony.framework; path = System/Library/Frameworks/CoreTelephony.framework; sourceTree = SDKROOT; };
		705355DD2080AA8D00D9F4F7 /* Security.framework */ = {isa = PBXFileReference; lastKnownFileType = wrapper.framework; name = Security.framework; path = System/Library/Frameworks/Security.framework; sourceTree = SDKROOT; };
		705355DF2080AA9400D9F4F7 /* CFNetwork.framework */ = {isa = PBXFileReference; lastKnownFileType = wrapper.framework; name = CFNetwork.framework; path = System/Library/Frameworks/CFNetwork.framework; sourceTree = SDKROOT; };
/* End PBXFileReference section */

/* Begin PBXFrameworksBuildPhase section */
		705355A920808FDB00D9F4F7 /* Frameworks */ = {
			isa = PBXFrameworksBuildPhase;
			buildActionMask = 2147483647;
			files = (
				705355E02080AA9400D9F4F7 /* CFNetwork.framework in Frameworks */,
				705355DE2080AA8D00D9F4F7 /* Security.framework in Frameworks */,
				705355DC2080AA8300D9F4F7 /* CoreTelephony.framework in Frameworks */,
				705355DA2080AA7A00D9F4F7 /* SystemConfiguration.framework in Frameworks */,
				705355D42080AA6000D9F4F7 /* UIKit.framework in Frameworks */,
				705355D22080AA5A00D9F4F7 /* Foundation.framework in Frameworks */,
				705355C22080A71C00D9F4F7 /* libWeChatSDK.a in Frameworks */,
			);
			runOnlyForDeploymentPostprocessing = 0;
		};
/* End PBXFrameworksBuildPhase section */

/* Begin PBXGroup section */
		705355A320808FDB00D9F4F7 = {
			isa = PBXGroup;
			children = (
				705355BB2080A71C00D9F4F7 /* lib */,
				705355B92080A71C00D9F4F7 /* SFWxpay.h */,
				705355C02080A71C00D9F4F7 /* SFWxpay.m */,
				705355BA2080A71C00D9F4F7 /* zqMd5.h */,
				705355B82080A71C00D9F4F7 /* zqMd5.m */,
				705355AD20808FDB00D9F4F7 /* Products */,
				705355D02080AA5900D9F4F7 /* Frameworks */,
			);
			sourceTree = "<group>";
		};
		705355AD20808FDB00D9F4F7 /* Products */ = {
			isa = PBXGroup;
			children = (
				705355AC20808FDB00D9F4F7 /* libSFWXPA.a */,
			);
			name = Products;
			sourceTree = "<group>";
		};
		705355BB2080A71C00D9F4F7 /* lib */ = {
			isa = PBXGroup;
			children = (
				705355BC2080A71C00D9F4F7 /* WXApi.h */,
				705355BD2080A71C00D9F4F7 /* WXApiObject.h */,
				705355BE2080A71C00D9F4F7 /* WechatAuthSDK.h */,
				705355BF2080A71C00D9F4F7 /* libWeChatSDK.a */,
			);
			path = lib;
			sourceTree = "<group>";
		};
		705355D02080AA5900D9F4F7 /* Frameworks */ = {
			isa = PBXGroup;
			children = (
				705355DF2080AA9400D9F4F7 /* CFNetwork.framework */,
				705355DD2080AA8D00D9F4F7 /* Security.framework */,
				705355DB2080AA8300D9F4F7 /* CoreTelephony.framework */,
				705355D92080AA7A00D9F4F7 /* SystemConfiguration.framework */,
				705355D72080AA7200D9F4F7 /* libz.tbd */,
				705355D52080AA6B00D9F4F7 /* libsqlite3.0.tbd */,
				705355D32080AA6000D9F4F7 /* UIKit.framework */,
				705355D12080AA5900D9F4F7 /* Foundation.framework */,
			);
			name = Frameworks;
			sourceTree = "<group>";
		};
/* End PBXGroup section */

/* Begin PBXNativeTarget section */
		705355AB20808FDB00D9F4F7 /* SFWXPA */ = {
			isa = PBXNativeTarget;
			buildConfigurationList = 705355B520808FDB00D9F4F7 /* Build configuration list for PBXNativeTarget "SFWXPA" */;
			buildPhases = (
				705355A820808FDB00D9F4F7 /* Sources */,
				705355A920808FDB00D9F4F7 /* Frameworks */,
				705355AA20808FDB00D9F4F7 /* CopyFiles */,
			);
			buildRules = (
			);
			dependencies = (
			);
			name = SFWXPA;
			productName = SFWXPA;
			productReference = 705355AC20808FDB00D9F4F7 /* libSFWXPA.a */;
			productType = "com.apple.product-type.library.static";
		};
/* End PBXNativeTarget section */

/* Begin PBXProject section */
		705355A420808FDB00D9F4F7 /* Project object */ = {
			isa = PBXProject;
			attributes = {
				LastUpgradeCheck = 0920;
				ORGANIZATIONNAME = LZW;
				TargetAttributes = {
					705355AB20808FDB00D9F4F7 = {
						CreatedOnToolsVersion = 9.2;
						ProvisioningStyle = Automatic;
					};
				};
			};
			buildConfigurationList = 705355A720808FDB00D9F4F7 /* Build configuration list for PBXProject "SFWXPA" */;
			compatibilityVersion = "Xcode 8.0";
			developmentRegion = en;
			hasScannedForEncodings = 0;
			knownRegions = (
				en,
			);
			mainGroup = 705355A320808FDB00D9F4F7;
			productRefGroup = 705355AD20808FDB00D9F4F7 /* Products */;
			projectDirPath = "";
			projectRoot = "";
			targets = (
				705355AB20808FDB00D9F4F7 /* SFWXPA */,
			);
		};
/* End PBXProject section */

/* Begin PBXSourcesBuildPhase section */
		705355A820808FDB00D9F4F7 /* Sources */ = {
			isa = PBXSourcesBuildPhase;
			buildActionMask = 2147483647;
			files = (
				705355C32080A71C00D9F4F7 /* SFWxpay.m in Sources */,
				705355C12080A71C00D9F4F7 /* zqMd5.m in Sources */,
			);
			runOnlyForDeploymentPostprocessing = 0;
		};
/* End PBXSourcesBuildPhase section */

/* Begin XCBuildConfiguration section */
		705355B320808FDB00D9F4F7 /* Debug */ = {
			isa = XCBuildConfiguration;
			buildSettings = {
				ALWAYS_SEARCH_USER_PATHS = NO;
				CLANG_ANALYZER_NONNULL = YES;
				CLANG_ANALYZER_NUMBER_OBJECT_CONVERSION = YES_AGGRESSIVE;
				CLANG_CXX_LANGUAGE_STANDARD = "gnu++14";
				CLANG_CXX_LIBRARY = "libc++";
				CLANG_ENABLE_MODULES = YES;
				CLANG_ENABLE_OBJC_ARC = YES;
				CLANG_WARN_BLOCK_CAPTURE_AUTORELEASING = YES;
				CLANG_WARN_BOOL_CONVERSION = YES;
				CLANG_WARN_COMMA = YES;
				CLANG_WARN_CONSTANT_CONVERSION = YES;
				CLANG_WARN_DIRECT_OBJC_ISA_USAGE = YES_ERROR;
				CLANG_WARN_DOCUMENTATION_COMMENTS = YES;
				CLANG_WARN_EMPTY_BODY = YES;
				CLANG_WARN_ENUM_CONVERSION = YES;
				CLANG_WARN_INFINITE_RECURSION = YES;
				CLANG_WARN_INT_CONVERSION = YES;
				CLANG_WARN_NON_LITERAL_NULL_CONVERSION = YES;
				CLANG_WARN_OBJC_LITERAL_CONVERSION = YES;
				CLANG_WARN_OBJC_ROOT_CLASS = YES_ERROR;
				CLANG_WARN_RANGE_LOOP_ANALYSIS = YES;
				CLANG_WARN_STRICT_PROTOTYPES = YES;
				CLANG_WARN_SUSPICIOUS_MOVE = YES;
				CLANG_WARN_UNGUARDED_AVAILABILITY = YES_AGGRESSIVE;
				CLANG_WARN_UNREACHABLE_CODE = YES;
				CLANG_WARN__DUPLICATE_METHOD_MATCH = YES;
				CODE_SIGN_IDENTITY = "iPhone Developer";
				COPY_PHASE_STRIP = NO;
				DEBUG_INFORMATION_FORMAT = dwarf;
				ENABLE_STRICT_OBJC_MSGSEND = YES;
				ENABLE_TESTABILITY = YES;
				GCC_C_LANGUAGE_STANDARD = gnu11;
				GCC_DYNAMIC_NO_PIC = NO;
				GCC_NO_COMMON_BLOCKS = YES;
				GCC_OPTIMIZATION_LEVEL = 0;
				GCC_PREPROCESSOR_DEFINITIONS = (
					"DEBUG=1",
					"$(inherited)",
				);
				GCC_WARN_64_TO_32_BIT_CONVERSION = YES;
				GCC_WARN_ABOUT_RETURN_TYPE = YES_ERROR;
				GCC_WARN_UNDECLARED_SELECTOR = YES;
				GCC_WARN_UNINITIALIZED_AUTOS = YES_AGGRESSIVE;
				GCC_WARN_UNUSED_FUNCTION = YES;
				GCC_WARN_UNUSED_VARIABLE = YES;
				IPHONEOS_DEPLOYMENT_TARGET = 11.2;
				MTL_ENABLE_DEBUG_INFO = YES;
				ONLY_ACTIVE_ARCH = YES;
				SDKROOT = iphoneos;
			};
			name = Debug;
		};
		705355B420808FDB00D9F4F7 /* Release */ = {
			isa = XCBuildConfiguration;
			buildSettings = {
				ALWAYS_SEARCH_USER_PATHS = NO;
				CLANG_ANALYZER_NONNULL = YES;
				CLANG_ANALYZER_NUMBER_OBJECT_CONVERSION = YES_AGGRESSIVE;
				CLANG_CXX_LANGUAGE_STANDARD = "gnu++14";
				CLANG_CXX_LIBRARY = "libc++";
				CLANG_ENABLE_MODULES = YES;
				CLANG_ENABLE_OBJC_ARC = YES;
				CLANG_WARN_BLOCK_CAPTURE_AUTORELEASING = YES;
				CLANG_WARN_BOOL_CONVERSION = YES;
				CLANG_WARN_COMMA = YES;
				CLANG_WARN_CONSTANT_CONVERSION = YES;
				CLANG_WARN_DIRECT_OBJC_ISA_USAGE = YES_ERROR;
				CLANG_WARN_DOCUMENTATION_COMMENTS = YES;
				CLANG_WARN_EMPTY_BODY = YES;
				CLANG_WARN_ENUM_CONVERSION = YES;
				CLANG_WARN_INFINITE_RECURSION = YES;
				CLANG_WARN_INT_CONVERSION = YES;
				CLANG_WARN_NON_LITERAL_NULL_CONVERSION = YES;
				CLANG_WARN_OBJC_LITERAL_CONVERSION = YES;
				CLANG_WARN_OBJC_ROOT_CLASS = YES_ERROR;
				CLANG_WARN_RANGE_LOOP_ANALYSIS = YES;
				CLANG_WARN_STRICT_PROTOTYPES = YES;
				CLANG_WARN_SUSPICIOUS_MOVE = YES;
				CLANG_WARN_UNGUARDED_AVAILABILITY = YES_AGGRESSIVE;
				CLANG_WARN_UNREACHABLE_CODE = YES;
				CLANG_WARN__DUPLICATE_METHOD_MATCH = YES;
				CODE_SIGN_IDENTITY = "iPhone Developer";
				COPY_PHASE_STRIP = NO;
				DEBUG_INFORMATION_FORMAT = "dwarf-with-dsym";
				ENABLE_NS_ASSERTIONS = NO;
				ENABLE_STRICT_OBJC_MSGSEND = YES;
				GCC_C_LANGUAGE_STANDARD = gnu11;
				GCC_NO_COMMON_BLOCKS = YES;
				GCC_WARN_64_TO_32_BIT_CONVERSION = YES;
				GCC_WARN_ABOUT_RETURN_TYPE = YES_ERROR;
				GCC_WARN_UNDECLARED_SELECTOR = YES;
				GCC_WARN_UNINITIALIZED_AUTOS = YES_AGGRESSIVE;
				GCC_WARN_UNUSED_FUNCTION = YES;
				GCC_WARN_UNUSED_VARIABLE = YES;
				IPHONEOS_DEPLOYMENT_TARGET = 11.2;
				MTL_ENABLE_DEBUG_INFO = NO;
				SDKROOT = iphoneos;
				VALIDATE_PRODUCT = YES;
			};
			name = Release;
		};
		705355B620808FDB00D9F4F7 /* Debug */ = {
			isa = XCBuildConfiguration;
			buildSettings = {
				CODE_SIGN_STYLE = Automatic;
				DEVELOPMENT_TEAM = ZXZC7G4VLE;
				LIBRARY_SEARCH_PATHS = (
					"$(inherited)",
					"$(PROJECT_DIR)/lib",
				);
				OTHER_LDFLAGS = "-ObjC";
				PRODUCT_NAME = "$(TARGET_NAME)";
				SKIP_INSTALL = YES;
				TARGETED_DEVICE_FAMILY = "1,2";
			};
			name = Debug;
		};
		705355B720808FDB00D9F4F7 /* Release */ = {
			isa = XCBuildConfiguration;
			buildSettings = {
				CODE_SIGN_STYLE = Automatic;
				DEVELOPMENT_TEAM = ZXZC7G4VLE;
				LIBRARY_SEARCH_PATHS = (
					"$(inherited)",
					"$(PROJECT_DIR)/lib",
				);
				OTHER_LDFLAGS = "-ObjC";
				PRODUCT_NAME = "$(TARGET_NAME)";
				SKIP_INSTALL = YES;
				TARGETED_DEVICE_FAMILY = "1,2";
			};
			name = Release;
		};
/* End XCBuildConfiguration section */

/* Begin XCConfigurationList section */
		705355A720808FDB00D9F4F7 /* Build configuration list for PBXProject "SFWXPA" */ = {
			isa = XCConfigurationList;
			buildConfigurations = (
				705355B320808FDB00D9F4F7 /* Debug */,
				705355B420808FDB00D9F4F7 /* Release */,
			);
			defaultConfigurationIsVisible = 0;
			defaultConfigurationName = Release;
		};
		705355B520808FDB00D9F4F7 /* Build configuration list for PBXNativeTarget "SFWXPA" */ = {
			isa = XCConfigurationList;
			buildConfigurations = (
				705355B620808FDB00D9F4F7 /* Debug */,
				705355B720808FDB00D9F4F7 /* Release */,
			);
			defaultConfigurationIsVisible = 0;
			defaultConfigurationName = Release;
		};
/* End XCConfigurationList section */
	};
	rootObject = 705355A420808FDB00D9F4F7 /* Project object */;
}
